
Microsoft Visual Studio Solution File, Format Version 12.00
# Visual Studio Version 16
VisualStudioVersion = 16.0.30907.101
MinimumVisualStudioVersion = 10.0.40219.1
Project("{9A19103F-16F7-4668-BE54-9A1E7A4F7556}") = "Microsoft.Extensions.Logging.Heartbeat", "src\Microsoft.Extensions.Logging.Heartbeat\Microsoft.Extensions.Logging.Heartbeat.csproj", "{3EC6B30F-CA1B-4C86-A14C-2B1F5714DD3A}"
EndProject
Project("{FAE04EC0-301F-11D3-BF4B-00C04F79EFBC}") = "Runner", "src\Runner\Runner.csproj", "{C8DD28CC-873F-420F-970F-3C89F9A73002}"
EndProject
Global
	GlobalSection(SolutionConfigurationPlatforms) = preSolution
		Debug|Any CPU = Debug|Any CPU
		Release|Any CPU = Release|Any CPU
	EndGlobalSection
	GlobalSection(ProjectConfigurationPlatforms) = postSolution
		{3EC6B30F-CA1B-4C86-A14C-2B1F5714DD3A}.Debug|Any CPU.ActiveCfg = Debug|Any CPU
		{3EC6B30F-CA1B-4C86-A14C-2B1F5714DD3A}.Debug|Any CPU.Build.0 = Debug|Any CPU
		{3EC6B30F-CA1B-4C86-A14C-2B1F5714DD3A}.Release|Any CPU.ActiveCfg = Release|Any CPU
		{3EC6B30F-CA1B-4C86-A14C-2B1F5714DD3A}.Release|Any CPU.Build.0 = Release|Any CPU
		{C8DD28CC-873F-420F-970F-3C89F9A73002}.Debug|Any CPU.ActiveCfg = Debug|Any CPU
		{C8DD28CC-873F-420F-970F-3C89F9A73002}.Debug|Any CPU.Build.0 = Debug|Any CPU
		{C8DD28CC-873F-420F-970F-3C89F9A73002}.Release|Any CPU.ActiveCfg = Release|Any CPU
		{C8DD28CC-873F-420F-970F-3C89F9A73002}.Release|Any CPU.Build.0 = Release|Any CPU
	EndGlobalSection
	GlobalSection(SolutionProperties) = preSolution
		HideSolutionNode = FALSE
	EndGlobalSection
	GlobalSection(ExtensibilityGlobals) = postSolution
		SolutionGuid = {4AF7B49F-0B03-42E2-BBE4-74BFDBECD0DA}
	EndGlobalSection
EndGlobal
